
Microsoft Visual Studio Solution File, Format Version 12.00
# Visual Studio 14
VisualStudioVersion = 14.0.25123.0
MinimumVisualStudioVersion = 10.0.40219.1
Project("{A07B5EB6-E848-4116-A8D0-A826331D98C6}") = "HelloWorldServiceFabricApplication1", "HelloWorldServiceFabricApplication1\HelloWorldServiceFabricApplication1.sfproj", "{7D4B9A80-89DD-4078-B8B0-CC34708A0FFC}"
EndProject
Project("{FAE04EC0-301F-11D3-BF4B-00C04F79EFBC}") = "Web", "Web\Web.csproj", "{119FFE8A-BEA0-491C-8A35-37F63E3DDA2F}"
EndProject
Project("{FAE04EC0-301F-11D3-BF4B-00C04F79EFBC}") = "Actor1", "Actor1\Actor1.csproj", "{8DDD40B2-7FB0-47B7-A89B-BF74296E045C}"
EndProject
Project("{FAE04EC0-301F-11D3-BF4B-00C04F79EFBC}") = "Actor1.Interfaces", "Actor1.Interfaces\Actor1.Interfaces.csproj", "{021C32FE-682E-4B8B-BDBB-63528712923B}"
EndProject
Project("{FAE04EC0-301F-11D3-BF4B-00C04F79EFBC}") = "Stateless1", "Stateless1\Stateless1.csproj", "{6D0B4AD5-B55D-4A31-B6AC-B91EF6F0024A}"
EndProject
Project("{FAE04EC0-301F-11D3-BF4B-00C04F79EFBC}") = "QueueService", "QueueService\QueueService.csproj", "{7021BF4C-1A01-46C9-A353-915717776CB3}"
EndProject
Global
	GlobalSection(SolutionConfigurationPlatforms) = preSolution
		Debug|x64 = Debug|x64
		Release|x64 = Release|x64
	EndGlobalSection
	GlobalSection(ProjectConfigurationPlatforms) = postSolution
		{7D4B9A80-89DD-4078-B8B0-CC34708A0FFC}.Debug|x64.ActiveCfg = Debug|x64
		{7D4B9A80-89DD-4078-B8B0-CC34708A0FFC}.Debug|x64.Build.0 = Debug|x64
		{7D4B9A80-89DD-4078-B8B0-CC34708A0FFC}.Debug|x64.Deploy.0 = Debug|x64
		{7D4B9A80-89DD-4078-B8B0-CC34708A0FFC}.Release|x64.ActiveCfg = Release|x64
		{7D4B9A80-89DD-4078-B8B0-CC34708A0FFC}.Release|x64.Build.0 = Release|x64
		{7D4B9A80-89DD-4078-B8B0-CC34708A0FFC}.Release|x64.Deploy.0 = Release|x64
		{119FFE8A-BEA0-491C-8A35-37F63E3DDA2F}.Debug|x64.ActiveCfg = Debug|x64
		{119FFE8A-BEA0-491C-8A35-37F63E3DDA2F}.Debug|x64.Build.0 = Debug|x64
		{119FFE8A-BEA0-491C-8A35-37F63E3DDA2F}.Release|x64.ActiveCfg = Release|x64
		{119FFE8A-BEA0-491C-8A35-37F63E3DDA2F}.Release|x64.Build.0 = Release|x64
		{8DDD40B2-7FB0-47B7-A89B-BF74296E045C}.Debug|x64.ActiveCfg = Debug|x64
		{8DDD40B2-7FB0-47B7-A89B-BF74296E045C}.Debug|x64.Build.0 = Debug|x64
		{8DDD40B2-7FB0-47B7-A89B-BF74296E045C}.Release|x64.ActiveCfg = Release|x64
		{8DDD40B2-7FB0-47B7-A89B-BF74296E045C}.Release|x64.Build.0 = Release|x64
		{021C32FE-682E-4B8B-BDBB-63528712923B}.Debug|x64.ActiveCfg = Debug|x64
		{021C32FE-682E-4B8B-BDBB-63528712923B}.Debug|x64.Build.0 = Debug|x64
		{021C32FE-682E-4B8B-BDBB-63528712923B}.Release|x64.ActiveCfg = Release|x64
		{021C32FE-682E-4B8B-BDBB-63528712923B}.Release|x64.Build.0 = Release|x64
		{6D0B4AD5-B55D-4A31-B6AC-B91EF6F0024A}.Debug|x64.ActiveCfg = Debug|x64
		{6D0B4AD5-B55D-4A31-B6AC-B91EF6F0024A}.Debug|x64.Build.0 = Debug|x64
		{6D0B4AD5-B55D-4A31-B6AC-B91EF6F0024A}.Release|x64.ActiveCfg = Release|x64
		{6D0B4AD5-B55D-4A31-B6AC-B91EF6F0024A}.Release|x64.Build.0 = Release|x64
		{7021BF4C-1A01-46C9-A353-915717776CB3}.Debug|x64.ActiveCfg = Debug|x64
		{7021BF4C-1A01-46C9-A353-915717776CB3}.Debug|x64.Build.0 = Debug|x64
		{7021BF4C-1A01-46C9-A353-915717776CB3}.Release|x64.ActiveCfg = Release|x64
		{7021BF4C-1A01-46C9-A353-915717776CB3}.Release|x64.Build.0 = Release|x64
	EndGlobalSection
	GlobalSection(SolutionProperties) = preSolution
		HideSolutionNode = FALSE
	EndGlobalSection
EndGlobal
